Microsoft Visual Studio Solution File, Format Version 11.00
# Visual Studio 2008

Project("{B700EAB0-FB7E-06B1-843D-23ECFF967BC8}") = "UnityProj", "Assembly-CSharp-firstpass.csproj", "{7A923948-FB1B-6207-A781-9734FAF5E43D}"
EndProject
Project("{B700EAB0-FB7E-06B1-843D-23ECFF967BC8}") = "UnityProj", "Assembly-CSharp.csproj", "{69B6C8F0-A092-6A6A-098C-0C119DFDB7A6}"
EndProject
Project("{B700EAB0-FB7E-06B1-843D-23ECFF967BC8}") = "UnityProj", "Assembly-CSharp-Editor.csproj", "{D5962A9C-70C2-820D-19EC-FC8D10D2A8EB}"
EndProject
Project("{B700EAB0-FB7E-06B1-843D-23ECFF967BC8}") = "UnityProj", "Assembly-UnityScript-firstpass.unityproj", "{A3052BF7-6061-CE96-69C0-CE4FB6297CAA}"
EndProject
Project("{B700EAB0-FB7E-06B1-843D-23ECFF967BC8}") = "UnityProj", "Assembly-UnityScript.unityproj", "{44CE9ED9-1101-5ECC-6509-D95D17424C64}"
EndProject
Global
	GlobalSection(SolutionConfigurationPlatforms) = preSolution
		Debug|Any CPU = Debug|Any CPU
		Release|Any CPU = Release|Any CPU
	EndGlobalSection
	GlobalSection(ProjectConfigurationPlatforms) = postSolution
		{7A923948-FB1B-6207-A781-9734FAF5E43D}.Debug|Any CPU.ActiveCfg = Debug|Any CPU
		{7A923948-FB1B-6207-A781-9734FAF5E43D}.Debug|Any CPU.Build.0 = Debug|Any CPU
		{7A923948-FB1B-6207-A781-9734FAF5E43D}.Release|Any CPU.ActiveCfg = Release|Any CPU
		{7A923948-FB1B-6207-A781-9734FAF5E43D}.Release|Any CPU.Build.0 = Release|Any CPU
		{69B6C8F0-A092-6A6A-098C-0C119DFDB7A6}.Debug|Any CPU.ActiveCfg = Debug|Any CPU
		{69B6C8F0-A092-6A6A-098C-0C119DFDB7A6}.Debug|Any CPU.Build.0 = Debug|Any CPU
		{69B6C8F0-A092-6A6A-098C-0C119DFDB7A6}.Release|Any CPU.ActiveCfg = Release|Any CPU
		{69B6C8F0-A092-6A6A-098C-0C119DFDB7A6}.Release|Any CPU.Build.0 = Release|Any CPU
		{D5962A9C-70C2-820D-19EC-FC8D10D2A8EB}.Debug|Any CPU.ActiveCfg = Debug|Any CPU
		{D5962A9C-70C2-820D-19EC-FC8D10D2A8EB}.Debug|Any CPU.Build.0 = Debug|Any CPU
		{D5962A9C-70C2-820D-19EC-FC8D10D2A8EB}.Release|Any CPU.ActiveCfg = Release|Any CPU
		{D5962A9C-70C2-820D-19EC-FC8D10D2A8EB}.Release|Any CPU.Build.0 = Release|Any CPU
		{A3052BF7-6061-CE96-69C0-CE4FB6297CAA}.Debug|Any CPU.ActiveCfg = Debug|Any CPU
		{A3052BF7-6061-CE96-69C0-CE4FB6297CAA}.Debug|Any CPU.Build.0 = Debug|Any CPU
		{A3052BF7-6061-CE96-69C0-CE4FB6297CAA}.Release|Any CPU.ActiveCfg = Release|Any CPU
		{A3052BF7-6061-CE96-69C0-CE4FB6297CAA}.Release|Any CPU.Build.0 = Release|Any CPU
		{44CE9ED9-1101-5ECC-6509-D95D17424C64}.Debug|Any CPU.ActiveCfg = Debug|Any CPU
		{44CE9ED9-1101-5ECC-6509-D95D17424C64}.Debug|Any CPU.Build.0 = Debug|Any CPU
		{44CE9ED9-1101-5ECC-6509-D95D17424C64}.Release|Any CPU.ActiveCfg = Release|Any CPU
		{44CE9ED9-1101-5ECC-6509-D95D17424C64}.Release|Any CPU.Build.0 = Release|Any CPU
	EndGlobalSection
	GlobalSection(SolutionProperties) = preSolution
		HideSolutionNode = FALSE
	EndGlobalSection
																																																											GlobalSection(MonoDevelopProperties) = preSolution
		StartupItem = Assembly-CSharp.csproj
		Policies = $0
		$0.TextStylePolicy = $1
		$1.inheritsSet = null
		$1.scope = text/x-csharp
		$0.CSharpFormattingPolicy = $2
		$2.inheritsSet = Mono
		$2.inheritsScope = text/x-csharp
		$2.scope = text/x-csharp
		$0.TextStylePolicy = $3
		$3.FileWidth = 120
		$3.TabWidth = 4
		$3.EolMarker = Unix
		$3.inheritsSet = Mono
		$3.inheritsScope = text/plain
		$3.scope = text/plain
	EndGlobalSection

EndGlobal
