Microsoft Visual Studio Solution File, Format Version 11.00
# Visual Studio 2008

Project("{1EE98554-865F-B16B-68AA-A0DEE24A75BF}") = "PlainZigfuSample", "Assembly-CSharp-firstpass.csproj", "{49692F3C-310E-D3F0-42E8-EE5EB47A3AA0}"
EndProject
Project("{1EE98554-865F-B16B-68AA-A0DEE24A75BF}") = "PlainZigfuSample", "Assembly-CSharp.csproj", "{79082E19-7985-44E2-A739-9108F9DF451F}"
EndProject
Project("{1EE98554-865F-B16B-68AA-A0DEE24A75BF}") = "PlainZigfuSample", "Assembly-CSharp-Editor.csproj", "{F241F5A7-6A31-AC17-5091-C89CC1C7166D}"
EndProject
Project("{1EE98554-865F-B16B-68AA-A0DEE24A75BF}") = "PlainZigfuSample", "Assembly-UnityScript-firstpass.unityproj", "{42B95CEA-9E66-C1A5-8120-2527359013B9}"
EndProject
Global
	GlobalSection(SolutionConfigurationPlatforms) = preSolution
		Debug|Any CPU = Debug|Any CPU
		Release|Any CPU = Release|Any CPU
	EndGlobalSection
	GlobalSection(ProjectConfigurationPlatforms) = postSolution
		{49692F3C-310E-D3F0-42E8-EE5EB47A3AA0}.Debug|Any CPU.ActiveCfg = Debug|Any CPU
		{49692F3C-310E-D3F0-42E8-EE5EB47A3AA0}.Debug|Any CPU.Build.0 = Debug|Any CPU
		{49692F3C-310E-D3F0-42E8-EE5EB47A3AA0}.Release|Any CPU.ActiveCfg = Release|Any CPU
		{49692F3C-310E-D3F0-42E8-EE5EB47A3AA0}.Release|Any CPU.Build.0 = Release|Any CPU
		{79082E19-7985-44E2-A739-9108F9DF451F}.Debug|Any CPU.ActiveCfg = Debug|Any CPU
		{79082E19-7985-44E2-A739-9108F9DF451F}.Debug|Any CPU.Build.0 = Debug|Any CPU
		{79082E19-7985-44E2-A739-9108F9DF451F}.Release|Any CPU.ActiveCfg = Release|Any CPU
		{79082E19-7985-44E2-A739-9108F9DF451F}.Release|Any CPU.Build.0 = Release|Any CPU
		{F241F5A7-6A31-AC17-5091-C89CC1C7166D}.Debug|Any CPU.ActiveCfg = Debug|Any CPU
		{F241F5A7-6A31-AC17-5091-C89CC1C7166D}.Debug|Any CPU.Build.0 = Debug|Any CPU
		{F241F5A7-6A31-AC17-5091-C89CC1C7166D}.Release|Any CPU.ActiveCfg = Release|Any CPU
		{F241F5A7-6A31-AC17-5091-C89CC1C7166D}.Release|Any CPU.Build.0 = Release|Any CPU
		{42B95CEA-9E66-C1A5-8120-2527359013B9}.Debug|Any CPU.ActiveCfg = Debug|Any CPU
		{42B95CEA-9E66-C1A5-8120-2527359013B9}.Debug|Any CPU.Build.0 = Debug|Any CPU
		{42B95CEA-9E66-C1A5-8120-2527359013B9}.Release|Any CPU.ActiveCfg = Release|Any CPU
		{42B95CEA-9E66-C1A5-8120-2527359013B9}.Release|Any CPU.Build.0 = Release|Any CPU
	EndGlobalSection
	GlobalSection(SolutionProperties) = preSolution
		HideSolutionNode = FALSE
	EndGlobalSection
																	GlobalSection(MonoDevelopProperties) = preSolution
		StartupItem = Assembly-CSharp.csproj
		Policies = $0
		$0.TextStylePolicy = $1
		$1.inheritsSet = null
		$1.scope = text/x-csharp
		$0.CSharpFormattingPolicy = $2
		$2.inheritsSet = Mono
		$2.inheritsScope = text/x-csharp
		$2.scope = text/x-csharp
		$0.TextStylePolicy = $3
		$3.FileWidth = 120
		$3.TabWidth = 4
		$3.EolMarker = Unix
		$3.inheritsSet = Mono
		$3.inheritsScope = text/plain
		$3.scope = text/plain
	EndGlobalSection

EndGlobal
